
Microsoft Visual Studio Solution File, Format Version 12.00
# Visual Studio 14
VisualStudioVersion = 14.0.24720.0
MinimumVisualStudioVersion = 10.0.40219.1
Project("{FAE04EC0-301F-11D3-BF4B-00C04F79EFBC}") = "swimbait", "src\swimbait\swimbait.csproj", "{86858E25-5E13-4C5C-940D-74A6C474481C}"
EndProject
Project("{8BB2217D-0F2D-49D1-97BC-3654ED321F3B}") = "swimbait-srv", "swimbait-srv\swimbait-srv.xproj", "{0D4D9315-28B3-40C1-ABCD-CA483FB99667}"
EndProject
Project("{8BB2217D-0F2D-49D1-97BC-3654ED321F3B}") = "swimbait-srv2", "src\swimbait-srv2\swimbait-srv2.xproj", "{FE7F936A-3F5E-4DC1-83D1-5CE758CBEF46}"
EndProject
Project("{2150E333-8FDC-42A3-9474-1A3956D46DE8}") = "Solution Items", "Solution Items", "{A7EA899B-4F92-46F0-B55D-943B93B81770}"
	ProjectSection(SolutionItems) = preProject
		swimbait-srv\global.json = swimbait-srv\global.json
	EndProjectSection
EndProject
Global
	GlobalSection(SolutionConfigurationPlatforms) = preSolution
		Debug|Any CPU = Debug|Any CPU
		Release|Any CPU = Release|Any CPU
	EndGlobalSection
	GlobalSection(ProjectConfigurationPlatforms) = postSolution
		{86858E25-5E13-4C5C-940D-74A6C474481C}.Debug|Any CPU.ActiveCfg = Debug|Any CPU
		{86858E25-5E13-4C5C-940D-74A6C474481C}.Debug|Any CPU.Build.0 = Debug|Any CPU
		{86858E25-5E13-4C5C-940D-74A6C474481C}.Release|Any CPU.ActiveCfg = Release|Any CPU
		{86858E25-5E13-4C5C-940D-74A6C474481C}.Release|Any CPU.Build.0 = Release|Any CPU
		{0D4D9315-28B3-40C1-ABCD-CA483FB99667}.Debug|Any CPU.ActiveCfg = Debug|Any CPU
		{0D4D9315-28B3-40C1-ABCD-CA483FB99667}.Debug|Any CPU.Build.0 = Debug|Any CPU
		{0D4D9315-28B3-40C1-ABCD-CA483FB99667}.Release|Any CPU.ActiveCfg = Release|Any CPU
		{0D4D9315-28B3-40C1-ABCD-CA483FB99667}.Release|Any CPU.Build.0 = Release|Any CPU
		{FE7F936A-3F5E-4DC1-83D1-5CE758CBEF46}.Debug|Any CPU.ActiveCfg = Debug|Any CPU
		{FE7F936A-3F5E-4DC1-83D1-5CE758CBEF46}.Debug|Any CPU.Build.0 = Debug|Any CPU
		{FE7F936A-3F5E-4DC1-83D1-5CE758CBEF46}.Release|Any CPU.ActiveCfg = Release|Any CPU
		{FE7F936A-3F5E-4DC1-83D1-5CE758CBEF46}.Release|Any CPU.Build.0 = Release|Any CPU
	EndGlobalSection
	GlobalSection(SolutionProperties) = preSolution
		HideSolutionNode = FALSE
	EndGlobalSection
EndGlobal
